
Microsoft Visual Studio Solution File, Format Version 12.00
# Visual Studio Version 17
VisualStudioVersion = 17.5.33414.496
MinimumVisualStudioVersion = 10.0.40219.1
Project("{FAE04EC0-301F-11D3-BF4B-00C04F79EFBC}") = "ProductReview", "ProductReview.csproj", "{5DAC5997-071D-4868-9F23-731E1E1CAE07}"
EndProject
Global
	GlobalSection(SolutionConfigurationPlatforms) = preSolution
		Debug|Any CPU = Debug|Any CPU
		Release|Any CPU = Release|Any CPU
	EndGlobalSection
	GlobalSection(ProjectConfigurationPlatforms) = postSolution
		{5DAC5997-071D-4868-9F23-731E1E1CAE07}.Debug|Any CPU.ActiveCfg = Debug|Any CPU
		{5DAC5997-071D-4868-9F23-731E1E1CAE07}.Debug|Any CPU.Build.0 = Debug|Any CPU
		{5DAC5997-071D-4868-9F23-731E1E1CAE07}.Release|Any CPU.ActiveCfg = Release|Any CPU
		{5DAC5997-071D-4868-9F23-731E1E1CAE07}.Release|Any CPU.Build.0 = Release|Any CPU
	EndGlobalSection
	GlobalSection(SolutionProperties) = preSolution
		HideSolutionNode = FALSE
	EndGlobalSection
	GlobalSection(ExtensibilityGlobals) = postSolution
		SolutionGuid = {E644F0FA-0207-4E92-B05B-C619E912EDAC}
	EndGlobalSection
EndGlobal
